
Microsoft Visual Studio Solution File, Format Version 12.00
# Visual Studio Version 17
VisualStudioVersion = 17.14.36511.14 d17.14
MinimumVisualStudioVersion = 10.0.40219.1
Project("{FAE04EC0-301F-11D3-BF4B-00C04F79EFBC}") = "ApplicationControlService", "ApplicationControlService.csproj", "{7AD98C50-C236-44DA-8B43-8CE05561D02F}"
EndProject
Global
	GlobalSection(SolutionConfigurationPlatforms) = preSolution
		Debug|Any CPU = Debug|Any CPU
		Release|Any CPU = Release|Any CPU
	EndGlobalSection
	GlobalSection(ProjectConfigurationPlatforms) = postSolution
		{7AD98C50-C236-44DA-8B43-8CE05561D02F}.Debug|Any CPU.ActiveCfg = Debug|Any CPU
		{7AD98C50-C236-44DA-8B43-8CE05561D02F}.Debug|Any CPU.Build.0 = Debug|Any CPU
		{7AD98C50-C236-44DA-8B43-8CE05561D02F}.Release|Any CPU.ActiveCfg = Release|Any CPU
		{7AD98C50-C236-44DA-8B43-8CE05561D02F}.Release|Any CPU.Build.0 = Release|Any CPU
	EndGlobalSection
	GlobalSection(SolutionProperties) = preSolution
		HideSolutionNode = FALSE
	EndGlobalSection
	GlobalSection(ExtensibilityGlobals) = postSolution
		SolutionGuid = {25C2B0A3-1303-4548-B72B-F13D4B5B927E}
	EndGlobalSection
EndGlobal
